15043038111717791900
zlib 1e1dfdedddb54a2e2cb8fec3b67f925233c495aa
boost abaa6c8a7552650761e7db29a8c68709d9ee1303
context 511ee1c92ce1919cea500c86b14fa447b334495d
cista 23875effbc4f3441304137515991dbcfbc52caed
Catch2 e5c9a58d66ff0780e956b5447573af9d6b9b2ca3
fmt 34d0435ad07feb55dabd64d99482dd5d28972584
utl 3dc2672a032282cb4715d2ff7abc73db55259a29
